
Microsoft Visual Studio Solution File, Format Version 12.00
# Visual Studio 2013
VisualStudioVersion = 12.0.0.0
MinimumVisualStudioVersion = 10.0.0.1
Project("{FAE04EC0-301F-11D3-BF4B-00C04F79EFBC}") = "Buzzware.StandardExceptions", "StandardExceptionsDotNet\Buzzware.StandardExceptions\Buzzware.StandardExceptions.csproj", "{69239D63-0977-4E61-A438-1FA4376EE514}"
EndProject
Project("{FAE04EC0-301F-11D3-BF4B-00C04F79EFBC}") = "Buzzware.Cascade", "Buzzware.Cascade\Buzzware.Cascade.csproj", "{86AB870B-F058-48E3-B6F4-1F1C8BA83912}"
EndProject
Project("{FAE04EC0-301F-11D3-BF4B-00C04F79EFBC}") = "Buzzware.Cascade.Test", "Buzzware.Cascade.Test\Buzzware.Cascade.Test.csproj", "{8782718E-DE1C-4FC4-8EE7-768B2C46C967}"
EndProject
Project("{FAE04EC0-301F-11D3-BF4B-00C04F79EFBC}") = "Buzzware.Cascade.RnD", "Buzzware.Cascade.RnD\Buzzware.Cascade.RnD.csproj", "{43CCA7E3-5DF4-44ED-AB20-F66E4327A438}"
EndProject
Global
	GlobalSection(SolutionConfigurationPlatforms) = preSolution
		Debug|Any CPU = Debug|Any CPU
		Release|Any CPU = Release|Any CPU
	EndGlobalSection
	GlobalSection(ProjectConfigurationPlatforms) = postSolution
		{69239D63-0977-4E61-A438-1FA4376EE514}.Debug|Any CPU.ActiveCfg = Debug|Any CPU
		{69239D63-0977-4E61-A438-1FA4376EE514}.Debug|Any CPU.Build.0 = Debug|Any CPU
		{69239D63-0977-4E61-A438-1FA4376EE514}.Release|Any CPU.ActiveCfg = Release|Any CPU
		{69239D63-0977-4E61-A438-1FA4376EE514}.Release|Any CPU.Build.0 = Release|Any CPU
		{86AB870B-F058-48E3-B6F4-1F1C8BA83912}.Debug|Any CPU.ActiveCfg = Debug|Any CPU
		{86AB870B-F058-48E3-B6F4-1F1C8BA83912}.Debug|Any CPU.Build.0 = Debug|Any CPU
		{86AB870B-F058-48E3-B6F4-1F1C8BA83912}.Release|Any CPU.ActiveCfg = Release|Any CPU
		{86AB870B-F058-48E3-B6F4-1F1C8BA83912}.Release|Any CPU.Build.0 = Release|Any CPU
		{8782718E-DE1C-4FC4-8EE7-768B2C46C967}.Debug|Any CPU.ActiveCfg = Debug|Any CPU
		{8782718E-DE1C-4FC4-8EE7-768B2C46C967}.Debug|Any CPU.Build.0 = Debug|Any CPU
		{8782718E-DE1C-4FC4-8EE7-768B2C46C967}.Release|Any CPU.ActiveCfg = Release|Any CPU
		{8782718E-DE1C-4FC4-8EE7-768B2C46C967}.Release|Any CPU.Build.0 = Release|Any CPU
		{43CCA7E3-5DF4-44ED-AB20-F66E4327A438}.Debug|Any CPU.ActiveCfg = Debug|Any CPU
		{43CCA7E3-5DF4-44ED-AB20-F66E4327A438}.Debug|Any CPU.Build.0 = Debug|Any CPU
		{43CCA7E3-5DF4-44ED-AB20-F66E4327A438}.Release|Any CPU.ActiveCfg = Release|Any CPU
		{43CCA7E3-5DF4-44ED-AB20-F66E4327A438}.Release|Any CPU.Build.0 = Release|Any CPU
	EndGlobalSection
	GlobalSection(SolutionProperties) = preSolution
		HideSolutionNode = FALSE
	EndGlobalSection
EndGlobal
