
Microsoft Visual Studio Solution File, Format Version 12.00
# Visual Studio 2013
VisualStudioVersion = 12.0.0.0
MinimumVisualStudioVersion = 10.0.0.1
Project("{FAE04EC0-301F-11D3-BF4B-00C04F79EFBC}") = "Cascade", "Cascade\Cascade.csproj", "{0D56ED45-0AA5-4576-A179-3ADF1A772413}"
EndProject
Project("{FAE04EC0-301F-11D3-BF4B-00C04F79EFBC}") = "Test", "Test\Test.csproj", "{DB17FD80-622A-476B-936F-3891E13479E9}"
EndProject
Project("{FAE04EC0-301F-11D3-BF4B-00C04F79EFBC}") = "CascadeCacheRnD", "CascadeCacheRnD\CascadeCacheRnD.csproj", "{249DD8E9-D6A6-40CF-BAEA-654715D51B71}"
EndProject
Global
	GlobalSection(SolutionConfigurationPlatforms) = preSolution
		Debug|Any CPU = Debug|Any CPU
		Release|Any CPU = Release|Any CPU
	EndGlobalSection
	GlobalSection(ProjectConfigurationPlatforms) = postSolution
		{0D56ED45-0AA5-4576-A179-3ADF1A772413}.Debug|Any CPU.ActiveCfg = Debug|Any CPU
		{0D56ED45-0AA5-4576-A179-3ADF1A772413}.Debug|Any CPU.Build.0 = Debug|Any CPU
		{0D56ED45-0AA5-4576-A179-3ADF1A772413}.Release|Any CPU.ActiveCfg = Release|Any CPU
		{0D56ED45-0AA5-4576-A179-3ADF1A772413}.Release|Any CPU.Build.0 = Release|Any CPU
		{DB17FD80-622A-476B-936F-3891E13479E9}.Debug|Any CPU.ActiveCfg = Debug|Any CPU
		{DB17FD80-622A-476B-936F-3891E13479E9}.Debug|Any CPU.Build.0 = Debug|Any CPU
		{DB17FD80-622A-476B-936F-3891E13479E9}.Release|Any CPU.ActiveCfg = Release|Any CPU
		{DB17FD80-622A-476B-936F-3891E13479E9}.Release|Any CPU.Build.0 = Release|Any CPU
		{249DD8E9-D6A6-40CF-BAEA-654715D51B71}.Debug|Any CPU.ActiveCfg = Debug|Any CPU
		{249DD8E9-D6A6-40CF-BAEA-654715D51B71}.Debug|Any CPU.Build.0 = Debug|Any CPU
		{249DD8E9-D6A6-40CF-BAEA-654715D51B71}.Release|Any CPU.ActiveCfg = Release|Any CPU
		{249DD8E9-D6A6-40CF-BAEA-654715D51B71}.Release|Any CPU.Build.0 = Release|Any CPU
	EndGlobalSection
	GlobalSection(SolutionProperties) = preSolution
		HideSolutionNode = FALSE
	EndGlobalSection
EndGlobal
